# THIS IS AN AUTOGENERATED FILE. DO NOT EDIT THIS FILE DIRECTLY.
# yarn lockfile v1


"@apollo/client@3.5.4":
  version "3.5.4"
  resolved "https://registry.yarnpkg.com/@apollo/client/-/client-3.5.4.tgz#a2c1c1c377c5ffb5822dd6269a741749b3ad5df3"
  integrity sha512-6kybsXEdtRYGUDap4kOded6OFw501H+wL3/WGeRtO+NBcLfhuvRwkfCNpm0oTJWDDSxhQnWKCbxJgrLgoxCeFg==
  dependencies:
    "@graphql-typed-document-node/core" "^3.0.0"
    "@wry/context" "^0.6.0"
    "@wry/equality" "^0.5.0"
    "@wry/trie" "^0.3.0"
    graphql-tag "^2.12.3"
    hoist-non-react-statics "^3.3.2"
    optimism "^0.16.1"
    prop-types "^15.7.2"
    symbol-observable "^4.0.0"
    ts-invariant "^0.9.0"
    tslib "^2.3.0"
    zen-observable-ts "^1.2.0"

"@babel/runtime-corejs3@^7.16.3":
  version "7.16.3"
  resolved "https://registry.yarnpkg.com/@babel/runtime-corejs3/-/runtime-corejs3-7.16.3.tgz#1e25de4fa994c57c18e5fdda6cc810dac70f5590"
  integrity sha512-IAdDC7T0+wEB4y2gbIL0uOXEYpiZEeuFUTVbdGq+UwCcF35T/tS8KrmMomEwEc5wBbyfH3PJVpTSUqrhPDXFcQ==
  dependencies:
    core-js-pure "^3.19.0"
    regenerator-runtime "^0.13.4"

"@babel/runtime@^7.12.5":
  version "7.16.3"
  resolved "https://registry.yarnpkg.com/@babel/runtime/-/runtime-7.16.3.tgz#b86f0db02a04187a3c17caa77de69840165d42d5"
  integrity sha512-WBwekcqacdY2e9AF/Q7WLFUWmdJGJTkbjqTjoMDgXkVZ3ZRUvOPsLb5KdwISoQVsbP+DQzVZW4Zhci0DvpbNTQ==
  dependencies:
    regenerator-runtime "^0.13.4"

"@graphql-typed-document-node/core@^3.0.0":
  version "3.1.1"
  resolved "https://registry.yarnpkg.com/@graphql-typed-document-node/core/-/core-3.1.1.tgz#076d78ce99822258cf813ecc1e7fa460fa74d052"
  integrity sha512-NQ17ii0rK1b34VZonlmT2QMJFI70m0TRwbknO/ihlbatXyaktDhN/98vBiUU6kNBPljqGqyIrl2T4nY2RpFANg==

"@reach/skip-nav@0.16.0":
  version "0.16.0"
  resolved "https://registry.yarnpkg.com/@reach/skip-nav/-/skip-nav-0.16.0.tgz#dec34f3a40a1e804e05647646aacab0ffd73b24d"
  integrity sha512-SY4PdNx+hQHbeOr/+qLc+QXdRt9NTVlt0r737bOqY1WURGBIEN9sGgsmIsHluP1/bQuAe0JKdOJ/tXiwQ3Z3ug==
  dependencies:
    "@reach/utils" "0.16.0"
    tslib "^2.3.0"

"@reach/utils@0.16.0":
  version "0.16.0"
  resolved "https://registry.yarnpkg.com/@reach/utils/-/utils-0.16.0.tgz#5b0777cf16a7cab1ddd4728d5d02762df0ba84ce"
  integrity sha512-PCggBet3qaQmwFNcmQ/GqHSefadAFyNCUekq9RrWoaU9hh/S4iaFgf2MBMdM47eQj5i/Bk0Mm07cP/XPFlkN+Q==
  dependencies:
    tiny-warning "^1.0.3"
    tslib "^2.3.0"

"@redwoodjs/auth@0.39.4":
  version "0.39.4"
  resolved "https://registry.yarnpkg.com/@redwoodjs/auth/-/auth-0.39.4.tgz#c942ed3d448be8febcae3f24882b3094662139cd"
  integrity sha512-qNTa0mXv94JcUajVkOu2iNnrn3t873Hr2Uy5c0FiRp1dPoEwYSFaNs5FzMfLcNbrYAaySkqv7L4aORrto4U2sg==

"@redwoodjs/forms@0.39.4":
  version "0.39.4"
  resolved "https://registry.yarnpkg.com/@redwoodjs/forms/-/forms-0.39.4.tgz#048880bc181465a3d881d8ec20983f84c38390ea"
  integrity sha512-t7TNQdG5RSNPDOLpqx+h3qDmNogYq3mVnzx1m+kimSx4DJlvkeZGyyGeRyPjqO1zjzk5BuoDYhYQgFDq7KESNA==
  dependencies:
    "@types/pascalcase" "1.0.1"
    core-js "3.19.1"
    pascalcase "1.0.0"
    react-hook-form "7.19.5"

"@redwoodjs/router@0.39.4":
  version "0.39.4"
  resolved "https://registry.yarnpkg.com/@redwoodjs/router/-/router-0.39.4.tgz#24a1744a20a26b2a548ea409aa2866f9d53628ae"
  integrity sha512-8/5zEE/v7FCxjMq7rv85AdvRKx99Xq800sbXE9U5JUB1GUZJcHrPLNeUfeLVqYIeFbVFE4ConTQpZmVQ5MYX/w==
  dependencies:
    "@reach/skip-nav" "0.16.0"
    "@redwoodjs/auth" "0.39.4"
    core-js "3.19.1"
    lodash.isequal "4.5.0"

"@redwoodjs/web@0.39.4":
  version "0.39.4"
  resolved "https://registry.yarnpkg.com/@redwoodjs/web/-/web-0.39.4.tgz#91db8f8f1d2d5f859f33bb5be57db2e86e436a8b"
  integrity sha512-Ibs2h92Gy4MONwP5aDjfE61Quu/bTlfdUZQdmtFFaXNi+2qrc5ci/V/ZsspVa1IkaU9rpgs6OthqjaJQBbwazA==
  dependencies:
    "@apollo/client" "3.5.4"
    "@redwoodjs/auth" "0.39.4"
    core-js "3.19.1"
    graphql "16.0.1"
    proptypes "1.1.0"
    react-helmet-async "1.1.2"
    react-hot-toast "2.1.1"

"@types/pascalcase@1.0.1":
  version "1.0.1"
  resolved "https://registry.yarnpkg.com/@types/pascalcase/-/pascalcase-1.0.1.tgz#2466c1e23713c1681320e49449643e3f16c84f33"
  integrity sha512-JYPox1hbKw66Sv9HtvTp0r5jJkaz6k+V8XjEnZUb7B+4ffIoS+3sjiAtwkX6IMO68UQtQWe9QcAjugn9VR4GJg==

"@wry/context@^0.6.0":
  version "0.6.1"
  resolved "https://registry.yarnpkg.com/@wry/context/-/context-0.6.1.tgz#c3c29c0ad622adb00f6a53303c4f965ee06ebeb2"
  integrity sha512-LOmVnY1iTU2D8tv4Xf6MVMZZ+juIJ87Kt/plMijjN20NMAXGmH4u8bS1t0uT74cZ5gwpocYueV58YwyI8y+GKw==
  dependencies:
    tslib "^2.3.0"

"@wry/equality@^0.5.0":
  version "0.5.2"
  resolved "https://registry.yarnpkg.com/@wry/equality/-/equality-0.5.2.tgz#72c8a7a7d884dff30b612f4f8464eba26c080e73"
  integrity sha512-oVMxbUXL48EV/C0/M7gLVsoK6qRHPS85x8zECofEZOVvxGmIPLA9o5Z27cc2PoAyZz1S2VoM2A7FLAnpfGlneA==
  dependencies:
    tslib "^2.3.0"

"@wry/trie@^0.3.0":
  version "0.3.1"
  resolved "https://registry.yarnpkg.com/@wry/trie/-/trie-0.3.1.tgz#2279b790f15032f8bcea7fc944d27988e5b3b139"
  integrity sha512-WwB53ikYudh9pIorgxrkHKrQZcCqNM/Q/bDzZBffEaGUKGuHrRb3zZUT9Sh2qw9yogC7SsdRmQ1ER0pqvd3bfw==
  dependencies:
    tslib "^2.3.0"

core-js-pure@^3.19.0:
  version "3.19.3"
  resolved "https://registry.yarnpkg.com/core-js-pure/-/core-js-pure-3.19.3.tgz#c69b2b36b58927317824994b532ec3f0f7e49607"
  integrity sha512-N3JruInmCyt7EJj5mAq3csCgGYgiSqu7p7TQp2KOztr180/OAIxyIvL1FCjzgmQk/t3Yniua50Fsak7FShI9lA==

core-js@3.19.1:
  version "3.19.1"
  resolved "https://registry.yarnpkg.com/core-js/-/core-js-3.19.1.tgz#f6f173cae23e73a7d88fa23b6e9da329276c6641"
  integrity sha512-Tnc7E9iKd/b/ff7GFbhwPVzJzPztGrChB8X8GLqoYGdEOG8IpLnK1xPyo3ZoO3HsK6TodJS58VGPOxA+hLHQMg==

goober@^2.0.35:
  version "2.1.1"
  resolved "https://registry.yarnpkg.com/goober/-/goober-2.1.1.tgz#2328a6dae015c3cd30fc55a70090037a244ad2f6"
  integrity sha512-TkGCqHxE4g5DtdpwxFCi53bXRtvw0BoSgCihVSIOioe9kfkqin5wXG8BQKykN0tjzmxZJ81qU2KWinZf5qKVlw==

graphql-tag@^2.12.3:
  version "2.12.6"
  resolved "https://registry.yarnpkg.com/graphql-tag/-/graphql-tag-2.12.6.tgz#d441a569c1d2537ef10ca3d1633b48725329b5f1"
  integrity sha512-FdSNcu2QQcWnM2VNvSCCDCVS5PpPqpzgFT8+GXzqJuoDd0CBncxCY278u4mhRO7tMgo2JjgJA5aZ+nWSQ/Z+xg==
  dependencies:
    tslib "^2.1.0"

graphql@16.0.1:
  version "16.0.1"
  resolved "https://registry.yarnpkg.com/graphql/-/graphql-16.0.1.tgz#93a13cd4e0e38ca8d0832e79614c8578bfd34f10"
  integrity sha512-oPvCuu6dlLdiz8gZupJ47o1clgb72r1u8NDBcQYjcV6G/iEdmE11B1bBlkhXRvV0LisP/SXRFP7tT6AgaTjpzg==

hoist-non-react-statics@^3.3.2:
  version "3.3.2"
  resolved "https://registry.yarnpkg.com/hoist-non-react-statics/-/hoist-non-react-statics-3.3.2.tgz#ece0acaf71d62c2969c2ec59feff42a4b1a85b45"
  integrity sha512-/gGivxi8JPKWNm/W0jSmzcMPpfpPLc3dY/6GxhX2hQ9iGj3aDfklV4ET7NjKpSinLpJ5vafa9iiGIEZg10SfBw==
  dependencies:
    react-is "^16.7.0"

invariant@^2.2.4:
  version "2.2.4"
  resolved "https://registry.yarnpkg.com/invariant/-/invariant-2.2.4.tgz#610f3c92c9359ce1db616e538008d23ff35158e6"
  integrity sha512-phJfQVBuaJM5raOpJjSfkiD6BpbCE4Ns//LaXl6wGYtUBY83nWS6Rf9tXm2e8VaK60JEjYldbPif/A2B1C2gNA==
  dependencies:
    loose-envify "^1.0.0"

"js-tokens@^3.0.0 || ^4.0.0":
  version "4.0.0"
  resolved "https://registry.yarnpkg.com/js-tokens/-/js-tokens-4.0.0.tgz#19203fb59991df98e3a287050d4647cdeaf32499"
  integrity sha512-RdJUflcE3cUzKiMqQgsCu06FPu9UdIJO0beYbPhHN4k6apgJtifcoCtT9bcxOpYBtpD2kCM6Sbzg4CausW/PKQ==

lodash.isequal@4.5.0:
  version "4.5.0"
  resolved "https://registry.yarnpkg.com/lodash.isequal/-/lodash.isequal-4.5.0.tgz#415c4478f2bcc30120c22ce10ed3226f7d3e18e0"
  integrity sha1-QVxEePK8wwEgwizhDtMib30+GOA=

loose-envify@^1.0.0, loose-envify@^1.1.0, loose-envify@^1.4.0:
  version "1.4.0"
  resolved "https://registry.yarnpkg.com/loose-envify/-/loose-envify-1.4.0.tgz#71ee51fa7be4caec1a63839f7e682d8132d30caf"
  integrity sha512-lyuxPGr/Wfhrlem2CL/UcnUc1zcqKAImBDzukY7Y5F/yQiNdko6+fRLevlw1HgMySw7f611UIY408EtxRSoK3Q==
  dependencies:
    js-tokens "^3.0.0 || ^4.0.0"

object-assign@^4.1.1:
  version "4.1.1"
  resolved "https://registry.yarnpkg.com/object-assign/-/object-assign-4.1.1.tgz#2109adc7965887cfc05cbbd442cac8bfbb360863"
  integrity sha1-IQmtx5ZYh8/AXLvUQsrIv7s2CGM=

optimism@^0.16.1:
  version "0.16.1"
  resolved "https://registry.yarnpkg.com/optimism/-/optimism-0.16.1.tgz#7c8efc1f3179f18307b887e18c15c5b7133f6e7d"
  integrity sha512-64i+Uw3otrndfq5kaoGNoY7pvOhSsjFEN4bdEFh80MWVk/dbgJfMv7VFDeCT8LxNAlEVhQmdVEbfE7X2nWNIIg==
  dependencies:
    "@wry/context" "^0.6.0"
    "@wry/trie" "^0.3.0"

pascalcase@1.0.0:
  version "1.0.0"
  resolved "https://registry.yarnpkg.com/pascalcase/-/pascalcase-1.0.0.tgz#d2fd7d73f2969606d2b56e17f5261be41c43c381"
  integrity sha512-BSExi0rRnCHReJys6NocaK+cfTXNinAegfWBvr0JD3hiaEG7Nuc7r0CIdOJunXrs8gU/sbHQ9dxVAtiVQisjmg==

prop-types@15.7.2, prop-types@^15.7.2:
  version "15.7.2"
  resolved "https://registry.yarnpkg.com/prop-types/-/prop-types-15.7.2.tgz#52c41e75b8c87e72b9d9360e0206b99dcbffa6c5"
  integrity sha512-8QQikdH7//R2vurIJSutZ1smHYTcLpRWEOlHnzcWHmBYrOGUysKwSsrC89BCiFj3CbrfJ/nXFdJepOVrY1GCHQ==
  dependencies:
    loose-envify "^1.4.0"
    object-assign "^4.1.1"
    react-is "^16.8.1"

proptypes@1.1.0:
  version "1.1.0"
  resolved "https://registry.yarnpkg.com/proptypes/-/proptypes-1.1.0.tgz#78b3828a5aa6bb1308939e0de3c6044dfd4bd239"
  integrity sha1-eLOCilqmuxMIk54N48YETf1L0jk=

react-dom@17.0.2:
  version "17.0.2"
  resolved "https://registry.yarnpkg.com/react-dom/-/react-dom-17.0.2.tgz#ecffb6845e3ad8dbfcdc498f0d0a939736502c23"
  integrity sha512-s4h96KtLDUQlsENhMn1ar8t2bEa+q/YAtj8pPPdIjPDGBDIVNsrD9aXNWqspUe6AzKCIG0C1HZZLqLV7qpOBGA==
  dependencies:
    loose-envify "^1.1.0"
    object-assign "^4.1.1"
    scheduler "^0.20.2"

react-fast-compare@^3.2.0:
  version "3.2.0"
  resolved "https://registry.yarnpkg.com/react-fast-compare/-/react-fast-compare-3.2.0.tgz#641a9da81b6a6320f270e89724fb45a0b39e43bb"
  integrity sha512-rtGImPZ0YyLrscKI9xTpV8psd6I8VAtjKCzQDlzyDvqJA8XOW78TXYQwNRNd8g8JZnDu8q9Fu/1v4HPAVwVdHA==

react-helmet-async@1.1.2:
  version "1.1.2"
  resolved "https://registry.yarnpkg.com/react-helmet-async/-/react-helmet-async-1.1.2.tgz#653b7e6bbfdd239c5dcd6b8df2811c7a363b8334"
  integrity sha512-LTTzDDkyIleT/JJ6T/uqx7Y8qi1EuPPSiJawQY/nHHz0h7SPDT6HxP1YDDQx/fzcVxCqpWEEMS3QdrSrNkJYhg==
  dependencies:
    "@babel/runtime" "^7.12.5"
    invariant "^2.2.4"
    prop-types "^15.7.2"
    react-fast-compare "^3.2.0"
    shallowequal "^1.1.0"

react-hook-form@7.19.5:
  version "7.19.5"
  resolved "https://registry.yarnpkg.com/react-hook-form/-/react-hook-form-7.19.5.tgz#cc6087419facf2fb57d47d5b0d4a8ca63201298f"
  integrity sha512-+M9gd0nWWASuEitf5PQGOGNElnHknzY3rGISrPDXwsOmZb7c/jyvkRUqk4OJXaZit1ZwesSv+EysttdAeFEfmw==

react-hot-toast@2.1.1:
  version "2.1.1"
  resolved "https://registry.yarnpkg.com/react-hot-toast/-/react-hot-toast-2.1.1.tgz#56409ab406b534e9e58274cf98d80355ba0fdda0"
  integrity sha512-Odrp4wue0fHh0pOfZt5H+9nWCMtqs3wdlFSzZPp7qsxfzmbE26QmGWIh6hG43CukiPeOjA8WQhBJU8JwtWvWbQ==
  dependencies:
    goober "^2.0.35"

react-is@^16.7.0, react-is@^16.8.1:
  version "16.13.1"
  resolved "https://registry.yarnpkg.com/react-is/-/react-is-16.13.1.tgz#789729a4dc36de2999dc156dd6c1d9c18cea56a4"
  integrity sha512-24e6ynE2H+OKt4kqsOvNd8kBpV65zoxbA4BVsEOB3ARVWQki/DHzaUoC5KuON/BiccDaCCTZBuOcfZs70kR8bQ==

react@17.0.2:
  version "17.0.2"
  resolved "https://registry.yarnpkg.com/react/-/react-17.0.2.tgz#d0b5cc516d29eb3eee383f75b62864cfb6800037"
  integrity sha512-gnhPt75i/dq/z3/6q/0asP78D0u592D5L1pd7M8P+dck6Fu/jJeL6iVVK23fptSUZj8Vjf++7wXA8UNclGQcbA==
  dependencies:
    loose-envify "^1.1.0"
    object-assign "^4.1.1"

regenerator-runtime@^0.13.4:
  version "0.13.9"
  resolved "https://registry.yarnpkg.com/regenerator-runtime/-/regenerator-runtime-0.13.9.tgz#8925742a98ffd90814988d7566ad30ca3b263b52"
  integrity sha512-p3VT+cOEgxFsRRA9X4lkI1E+k2/CtnKtU4gcxyaCUreilL/vqI6CdZ3wxVUx3UOUg+gnUOQQcRI7BmSI656MYA==

scheduler@^0.20.2:
  version "0.20.2"
  resolved "https://registry.yarnpkg.com/scheduler/-/scheduler-0.20.2.tgz#4baee39436e34aa93b4874bddcbf0fe8b8b50e91"
  integrity sha512-2eWfGgAqqWFGqtdMmcL5zCMK1U8KlXv8SQFGglL3CEtd0aDVDWgeF/YoCmvln55m5zSk3J/20hTaSBeSObsQDQ==
  dependencies:
    loose-envify "^1.1.0"
    object-assign "^4.1.1"

shallowequal@^1.1.0:
  version "1.1.0"
  resolved "https://registry.yarnpkg.com/shallowequal/-/shallowequal-1.1.0.tgz#188d521de95b9087404fd4dcb68b13df0ae4e7f8"
  integrity sha512-y0m1JoUZSlPAjXVtPPW70aZWfIL/dSP7AFkRnniLCrK/8MDKog3TySTBmckD+RObVxH0v4Tox67+F14PdED2oQ==

symbol-observable@^4.0.0:
  version "4.0.0"
  resolved "https://registry.yarnpkg.com/symbol-observable/-/symbol-observable-4.0.0.tgz#5b425f192279e87f2f9b937ac8540d1984b39205"
  integrity sha512-b19dMThMV4HVFynSAM1++gBHAbk2Tc/osgLIBZMKsyqh34jb2e8Os7T6ZW/Bt3pJFdBTd2JwAnAAEQV7rSNvcQ==

tiny-warning@^1.0.3:
  version "1.0.3"
  resolved "https://registry.yarnpkg.com/tiny-warning/-/tiny-warning-1.0.3.tgz#94a30db453df4c643d0fd566060d60a875d84754"
  integrity sha512-lBN9zLN/oAf68o3zNXYrdCt1kP8WsiGW8Oo2ka41b2IM5JL/S1CTyX1rW0mb/zSuJun0ZUrDxx4sqvYS2FWzPA==

ts-invariant@^0.9.0:
  version "0.9.4"
  resolved "https://registry.yarnpkg.com/ts-invariant/-/ts-invariant-0.9.4.tgz#42ac6c791aade267dd9dc65276549df5c5d71cac"
  integrity sha512-63jtX/ZSwnUNi/WhXjnK8kz4cHHpYS60AnmA6ixz17l7E12a5puCWFlNpkne5Rl0J8TBPVHpGjsj4fxs8ObVLQ==
  dependencies:
    tslib "^2.1.0"

tslib@^2.1.0, tslib@^2.3.0:
  version "2.3.1"
  resolved "https://registry.yarnpkg.com/tslib/-/tslib-2.3.1.tgz#e8a335add5ceae51aa261d32a490158ef042ef01"
  integrity sha512-77EbyPPpMz+FRFRuAFlWMtmgUWGe9UOG2Z25NqCwiIjRhOf5iKGuzSe5P2w1laq+FkRy4p+PCuVkJSGkzTEKVw==

zen-observable-ts@^1.2.0:
  version "1.2.3"
  resolved "https://registry.yarnpkg.com/zen-observable-ts/-/zen-observable-ts-1.2.3.tgz#c2f5ccebe812faf0cfcde547e6004f65b1a6d769"
  integrity sha512-hc/TGiPkAWpByykMwDcem3SdUgA4We+0Qb36bItSuJC9xD0XVBZoFHYoadAomDSNf64CG8Ydj0Qb8Od8BUWz5g==
  dependencies:
    zen-observable "0.8.15"

zen-observable@0.8.15:
  version "0.8.15"
  resolved "https://registry.yarnpkg.com/zen-observable/-/zen-observable-0.8.15.tgz#96415c512d8e3ffd920afd3889604e30b9eaac15"
  integrity sha512-PQ2PC7R9rslx84ndNBZB/Dkv8V8fZEpk83RLgXtYd0fwUgEjseMn1Dgajh2x6S8QbZAFa9p2qVCEuYZNgve0dQ==
